
Microsoft Visual Studio Solution File, Format Version 12.00
# Visual Studio Version 16
VisualStudioVersion = 16.0.31729.503
MinimumVisualStudioVersion = 10.0.40219.1
Project("{FAE04EC0-301F-11D3-BF4B-00C04F79EFBC}") = "New_webApi", "New_webApi.csproj", "{0AAFAD12-42EE-44D0-807E-1766DF54DCDC}"
EndProject
Global
	GlobalSection(SolutionConfigurationPlatforms) = preSolution
		Debug|Any CPU = Debug|Any CPU
		Release|Any CPU = Release|Any CPU
	EndGlobalSection
	GlobalSection(ProjectConfigurationPlatforms) = postSolution
		{0AAFAD12-42EE-44D0-807E-1766DF54DCDC}.Debug|Any CPU.ActiveCfg = Debug|Any CPU
		{0AAFAD12-42EE-44D0-807E-1766DF54DCDC}.Debug|Any CPU.Build.0 = Debug|Any CPU
		{0AAFAD12-42EE-44D0-807E-1766DF54DCDC}.Release|Any CPU.ActiveCfg = Release|Any CPU
		{0AAFAD12-42EE-44D0-807E-1766DF54DCDC}.Release|Any CPU.Build.0 = Release|Any CPU
	EndGlobalSection
	GlobalSection(SolutionProperties) = preSolution
		HideSolutionNode = FALSE
	EndGlobalSection
	GlobalSection(ExtensibilityGlobals) = postSolution
		SolutionGuid = {CBD5CD0C-AA94-4A28-80DB-F63A31334249}
	EndGlobalSection
EndGlobal
